
Microsoft Visual Studio Solution File, Format Version 12.00
# Visual Studio 2012
Project("{FAE04EC0-301F-11D3-BF4B-00C04F79EFBC}") = "DANFS.iOS", "DANFS.iOS\DANFS.iOS.csproj", "{7990ACEC-2D09-44AB-8492-410DB59E958B}"
EndProject
Project("{2150E333-8FDC-42A3-9474-1A3956D46DE8}") = "Shared", "Shared", "{6325D9A7-E17E-4B5F-9CBE-08409554FF3A}"
EndProject
Project("{FAE04EC0-301F-11D3-BF4B-00C04F79EFBC}") = "DANFS.DataAccess", "DANFS.DataAccess\DANFS.DataAccess.csproj", "{1FBE0925-AE12-4D30-A93E-7432C73D3134}"
EndProject
Project("{FAE04EC0-301F-11D3-BF4B-00C04F79EFBC}") = "TinyIoC", "TinyIoC\TinyIoC.csproj", "{059BDB65-C63B-47D0-84F6-9784EEDE0760}"
EndProject
Project("{FAE04EC0-301F-11D3-BF4B-00C04F79EFBC}") = "DANFS.Services", "DANFS.Services\DANFS.Services.csproj", "{82139F90-B4B9-4665-8FFE-E93F29BF003A}"
EndProject
Project("{FAE04EC0-301F-11D3-BF4B-00C04F79EFBC}") = "DANFS.Android", "DANFS.Android\DANFS.Android.csproj", "{2253E1A5-DC79-4DA4-9C57-0140897549D9}"
EndProject
Global
	GlobalSection(SolutionConfigurationPlatforms) = preSolution
		Debug|Any CPU = Debug|Any CPU
		Release|Any CPU = Release|Any CPU
		Debug|iPhoneSimulator = Debug|iPhoneSimulator
		Release|iPhone = Release|iPhone
		Release|iPhoneSimulator = Release|iPhoneSimulator
		Debug|iPhone = Debug|iPhone
	EndGlobalSection
	GlobalSection(ProjectConfigurationPlatforms) = postSolution
		{059BDB65-C63B-47D0-84F6-9784EEDE0760}.Debug|Any CPU.ActiveCfg = Debug|Any CPU
		{059BDB65-C63B-47D0-84F6-9784EEDE0760}.Debug|Any CPU.Build.0 = Debug|Any CPU
		{059BDB65-C63B-47D0-84F6-9784EEDE0760}.Debug|iPhone.ActiveCfg = Debug|Any CPU
		{059BDB65-C63B-47D0-84F6-9784EEDE0760}.Debug|iPhone.Build.0 = Debug|Any CPU
		{059BDB65-C63B-47D0-84F6-9784EEDE0760}.Debug|iPhoneSimulator.ActiveCfg = Debug|Any CPU
		{059BDB65-C63B-47D0-84F6-9784EEDE0760}.Debug|iPhoneSimulator.Build.0 = Debug|Any CPU
		{059BDB65-C63B-47D0-84F6-9784EEDE0760}.Release|Any CPU.ActiveCfg = Release|Any CPU
		{059BDB65-C63B-47D0-84F6-9784EEDE0760}.Release|Any CPU.Build.0 = Release|Any CPU
		{059BDB65-C63B-47D0-84F6-9784EEDE0760}.Release|iPhone.ActiveCfg = Release|Any CPU
		{059BDB65-C63B-47D0-84F6-9784EEDE0760}.Release|iPhone.Build.0 = Release|Any CPU
		{059BDB65-C63B-47D0-84F6-9784EEDE0760}.Release|iPhoneSimulator.ActiveCfg = Release|Any CPU
		{059BDB65-C63B-47D0-84F6-9784EEDE0760}.Release|iPhoneSimulator.Build.0 = Release|Any CPU
		{1FBE0925-AE12-4D30-A93E-7432C73D3134}.Debug|Any CPU.ActiveCfg = Debug|Any CPU
		{1FBE0925-AE12-4D30-A93E-7432C73D3134}.Debug|Any CPU.Build.0 = Debug|Any CPU
		{1FBE0925-AE12-4D30-A93E-7432C73D3134}.Debug|iPhone.ActiveCfg = Debug|Any CPU
		{1FBE0925-AE12-4D30-A93E-7432C73D3134}.Debug|iPhone.Build.0 = Debug|Any CPU
		{1FBE0925-AE12-4D30-A93E-7432C73D3134}.Debug|iPhoneSimulator.ActiveCfg = Debug|Any CPU
		{1FBE0925-AE12-4D30-A93E-7432C73D3134}.Debug|iPhoneSimulator.Build.0 = Debug|Any CPU
		{1FBE0925-AE12-4D30-A93E-7432C73D3134}.Release|Any CPU.ActiveCfg = Release|Any CPU
		{1FBE0925-AE12-4D30-A93E-7432C73D3134}.Release|Any CPU.Build.0 = Release|Any CPU
		{1FBE0925-AE12-4D30-A93E-7432C73D3134}.Release|iPhone.ActiveCfg = Release|Any CPU
		{1FBE0925-AE12-4D30-A93E-7432C73D3134}.Release|iPhone.Build.0 = Release|Any CPU
		{1FBE0925-AE12-4D30-A93E-7432C73D3134}.Release|iPhoneSimulator.ActiveCfg = Release|Any CPU
		{1FBE0925-AE12-4D30-A93E-7432C73D3134}.Release|iPhoneSimulator.Build.0 = Release|Any CPU
		{2253E1A5-DC79-4DA4-9C57-0140897549D9}.Debug|Any CPU.ActiveCfg = Debug|Any CPU
		{2253E1A5-DC79-4DA4-9C57-0140897549D9}.Debug|Any CPU.Build.0 = Debug|Any CPU
		{2253E1A5-DC79-4DA4-9C57-0140897549D9}.Debug|iPhone.ActiveCfg = Debug|Any CPU
		{2253E1A5-DC79-4DA4-9C57-0140897549D9}.Debug|iPhone.Build.0 = Debug|Any CPU
		{2253E1A5-DC79-4DA4-9C57-0140897549D9}.Debug|iPhoneSimulator.ActiveCfg = Debug|Any CPU
		{2253E1A5-DC79-4DA4-9C57-0140897549D9}.Debug|iPhoneSimulator.Build.0 = Debug|Any CPU
		{2253E1A5-DC79-4DA4-9C57-0140897549D9}.Release|Any CPU.ActiveCfg = Release|Any CPU
		{2253E1A5-DC79-4DA4-9C57-0140897549D9}.Release|Any CPU.Build.0 = Release|Any CPU
		{2253E1A5-DC79-4DA4-9C57-0140897549D9}.Release|iPhone.ActiveCfg = Release|Any CPU
		{2253E1A5-DC79-4DA4-9C57-0140897549D9}.Release|iPhone.Build.0 = Release|Any CPU
		{2253E1A5-DC79-4DA4-9C57-0140897549D9}.Release|iPhoneSimulator.ActiveCfg = Release|Any CPU
		{2253E1A5-DC79-4DA4-9C57-0140897549D9}.Release|iPhoneSimulator.Build.0 = Release|Any CPU
		{7990ACEC-2D09-44AB-8492-410DB59E958B}.Debug|Any CPU.ActiveCfg = Debug|iPhoneSimulator
		{7990ACEC-2D09-44AB-8492-410DB59E958B}.Debug|Any CPU.Build.0 = Debug|iPhoneSimulator
		{7990ACEC-2D09-44AB-8492-410DB59E958B}.Debug|iPhone.ActiveCfg = Debug|iPhone
		{7990ACEC-2D09-44AB-8492-410DB59E958B}.Debug|iPhone.Build.0 = Debug|iPhone
		{7990ACEC-2D09-44AB-8492-410DB59E958B}.Debug|iPhoneSimulator.ActiveCfg = Debug|iPhoneSimulator
		{7990ACEC-2D09-44AB-8492-410DB59E958B}.Debug|iPhoneSimulator.Build.0 = Debug|iPhoneSimulator
		{7990ACEC-2D09-44AB-8492-410DB59E958B}.Release|Any CPU.ActiveCfg = Debug|iPhoneSimulator
		{7990ACEC-2D09-44AB-8492-410DB59E958B}.Release|Any CPU.Build.0 = Debug|iPhoneSimulator
		{7990ACEC-2D09-44AB-8492-410DB59E958B}.Release|iPhone.ActiveCfg = Release|iPhone
		{7990ACEC-2D09-44AB-8492-410DB59E958B}.Release|iPhone.Build.0 = Release|iPhone
		{7990ACEC-2D09-44AB-8492-410DB59E958B}.Release|iPhoneSimulator.ActiveCfg = Release|iPhoneSimulator
		{7990ACEC-2D09-44AB-8492-410DB59E958B}.Release|iPhoneSimulator.Build.0 = Release|iPhoneSimulator
		{82139F90-B4B9-4665-8FFE-E93F29BF003A}.Debug|Any CPU.ActiveCfg = Debug|Any CPU
		{82139F90-B4B9-4665-8FFE-E93F29BF003A}.Debug|Any CPU.Build.0 = Debug|Any CPU
		{82139F90-B4B9-4665-8FFE-E93F29BF003A}.Debug|iPhone.ActiveCfg = Debug|Any CPU
		{82139F90-B4B9-4665-8FFE-E93F29BF003A}.Debug|iPhone.Build.0 = Debug|Any CPU
		{82139F90-B4B9-4665-8FFE-E93F29BF003A}.Debug|iPhoneSimulator.ActiveCfg = Debug|Any CPU
		{82139F90-B4B9-4665-8FFE-E93F29BF003A}.Debug|iPhoneSimulator.Build.0 = Debug|Any CPU
		{82139F90-B4B9-4665-8FFE-E93F29BF003A}.Release|Any CPU.ActiveCfg = Release|Any CPU
		{82139F90-B4B9-4665-8FFE-E93F29BF003A}.Release|Any CPU.Build.0 = Release|Any CPU
		{82139F90-B4B9-4665-8FFE-E93F29BF003A}.Release|iPhone.ActiveCfg = Release|Any CPU
		{82139F90-B4B9-4665-8FFE-E93F29BF003A}.Release|iPhone.Build.0 = Release|Any CPU
		{82139F90-B4B9-4665-8FFE-E93F29BF003A}.Release|iPhoneSimulator.ActiveCfg = Release|Any CPU
		{82139F90-B4B9-4665-8FFE-E93F29BF003A}.Release|iPhoneSimulator.Build.0 = Release|Any CPU
	EndGlobalSection
	GlobalSection(NestedProjects) = preSolution
		{1FBE0925-AE12-4D30-A93E-7432C73D3134} = {6325D9A7-E17E-4B5F-9CBE-08409554FF3A}
		{059BDB65-C63B-47D0-84F6-9784EEDE0760} = {6325D9A7-E17E-4B5F-9CBE-08409554FF3A}
		{82139F90-B4B9-4665-8FFE-E93F29BF003A} = {6325D9A7-E17E-4B5F-9CBE-08409554FF3A}
	EndGlobalSection
EndGlobal
